
Microsoft Visual Studio Solution File, Format Version 12.00
# Visual Studio Version 16
VisualStudioVersion = 16.0.29326.143
MinimumVisualStudioVersion = 10.0.40219.1
Project("{FAE04EC0-301F-11D3-BF4B-00C04F79EFBC}") = "Demo", "Demo\Demo.csproj", "{01219B53-47DD-4C4A-8D62-CE295F895BA0}"
EndProject
Global
	GlobalSection(SolutionConfigurationPlatforms) = preSolution
		Debug|Any CPU = Debug|Any CPU
		Release|Any CPU = Release|Any CPU
	EndGlobalSection
	GlobalSection(ProjectConfigurationPlatforms) = postSolution
		{01219B53-47DD-4C4A-8D62-CE295F895BA0}.Debug|Any CPU.ActiveCfg = Debug|Any CPU
		{01219B53-47DD-4C4A-8D62-CE295F895BA0}.Debug|Any CPU.Build.0 = Debug|Any CPU
		{01219B53-47DD-4C4A-8D62-CE295F895BA0}.Release|Any CPU.ActiveCfg = Release|Any CPU
		{01219B53-47DD-4C4A-8D62-CE295F895BA0}.Release|Any CPU.Build.0 = Release|Any CPU
	EndGlobalSection
	GlobalSection(SolutionProperties) = preSolution
		HideSolutionNode = FALSE
	EndGlobalSection
	GlobalSection(ExtensibilityGlobals) = postSolution
		SolutionGuid = {F79EDA99-7569-4C33-959B-71B780C98340}
	EndGlobalSection
EndGlobal
